# This file is generated by running "yarn install" inside your project.
# Manual changes might be lost - proceed with caution!

__metadata:
  version: 6
  cacheKey: 8

"@fastify/busboy@npm:^2.0.0":
  version: 2.1.1
  resolution: "@fastify/busboy@npm:2.1.1"
  checksum: 42c32ef75e906c9a4809c1e1930a5ca6d4ddc8d138e1a8c8ba5ea07f997db32210617d23b2e4a85fe376316a41a1a0439fc6ff2dedf5126d96f45a9d80754fb2
  languageName: node
  linkType: hard

"@langchain/community@npm:^0.3.17":
  version: 0.3.17
  resolution: "@langchain/community@npm:0.3.17"
  dependencies:
    "@langchain/openai": ">=0.2.0 <0.4.0"
    binary-extensions: ^2.2.0
    expr-eval: ^2.0.2
    flat: ^5.0.2
    js-yaml: ^4.1.0
    langchain: ">=0.2.3 <0.3.0 || >=0.3.4 <0.4.0"
    langsmith: ^0.2.8
    uuid: ^10.0.0
    zod: ^3.22.3
    zod-to-json-schema: ^3.22.5
  peerDependencies:
    "@arcjet/redact": ^v1.0.0-alpha.23
    "@aws-crypto/sha256-js": ^5.0.0
    "@aws-sdk/client-bedrock-agent-runtime": ^3.583.0
    "@aws-sdk/client-bedrock-runtime": ^3.422.0
    "@aws-sdk/client-dynamodb": ^3.310.0
    "@aws-sdk/client-kendra": ^3.352.0
    "@aws-sdk/client-lambda": ^3.310.0
    "@aws-sdk/client-s3": ^3.310.0
    "@aws-sdk/client-sagemaker-runtime": ^3.310.0
    "@aws-sdk/client-sfn": ^3.310.0
    "@aws-sdk/credential-provider-node": ^3.388.0
    "@azure/search-documents": ^12.0.0
    "@azure/storage-blob": ^12.15.0
    "@browserbasehq/sdk": "*"
    "@browserbasehq/stagehand": ^1.0.0
    "@clickhouse/client": ^0.2.5
    "@cloudflare/ai": "*"
    "@datastax/astra-db-ts": ^1.0.0
    "@elastic/elasticsearch": ^8.4.0
    "@getmetal/metal-sdk": "*"
    "@getzep/zep-cloud": ^1.0.6
    "@getzep/zep-js": ^0.9.0
    "@gomomento/sdk": ^1.51.1
    "@gomomento/sdk-core": ^1.51.1
    "@google-ai/generativelanguage": "*"
    "@google-cloud/storage": ^6.10.1 || ^7.7.0
    "@gradientai/nodejs-sdk": ^1.2.0
    "@huggingface/inference": ^2.6.4
    "@ibm-cloud/watsonx-ai": "*"
    "@lancedb/lancedb": ^0.12.0
    "@langchain/core": ">=0.2.21 <0.4.0"
    "@layerup/layerup-security": ^1.5.12
    "@libsql/client": ^0.14.0
    "@mendable/firecrawl-js": ^1.4.3
    "@mlc-ai/web-llm": "*"
    "@mozilla/readability": "*"
    "@neondatabase/serverless": "*"
    "@notionhq/client": ^2.2.10
    "@opensearch-project/opensearch": "*"
    "@pinecone-database/pinecone": "*"
    "@planetscale/database": ^1.8.0
    "@premai/prem-sdk": ^0.3.25
    "@qdrant/js-client-rest": ^1.8.2
    "@raycast/api": ^1.55.2
    "@rockset/client": ^0.9.1
    "@smithy/eventstream-codec": ^2.0.5
    "@smithy/protocol-http": ^3.0.6
    "@smithy/signature-v4": ^2.0.10
    "@smithy/util-utf8": ^2.0.0
    "@spider-cloud/spider-client": ^0.0.21
    "@supabase/supabase-js": ^2.45.0
    "@tensorflow-models/universal-sentence-encoder": "*"
    "@tensorflow/tfjs-converter": "*"
    "@tensorflow/tfjs-core": "*"
    "@upstash/ratelimit": ^1.1.3 || ^2.0.3
    "@upstash/redis": ^1.20.6
    "@upstash/vector": ^1.1.1
    "@vercel/kv": ^0.2.3
    "@vercel/postgres": ^0.5.0
    "@writerai/writer-sdk": ^0.40.2
    "@xata.io/client": ^0.28.0
    "@xenova/transformers": ^2.17.2
    "@zilliz/milvus2-sdk-node": ">=2.3.5"
    apify-client: ^2.7.1
    assemblyai: ^4.6.0
    better-sqlite3: ">=9.4.0 <12.0.0"
    cassandra-driver: ^4.7.2
    cborg: ^4.1.1
    cheerio: ^1.0.0-rc.12
    chromadb: "*"
    closevector-common: 0.1.3
    closevector-node: 0.1.6
    closevector-web: 0.1.6
    cohere-ai: "*"
    convex: ^1.3.1
    crypto-js: ^4.2.0
    d3-dsv: ^2.0.0
    discord.js: ^14.14.1
    dria: ^0.0.3
    duck-duck-scrape: ^2.2.5
    epub2: ^3.0.1
    faiss-node: ^0.5.1
    firebase-admin: ^11.9.0 || ^12.0.0
    google-auth-library: "*"
    googleapis: "*"
    hnswlib-node: ^3.0.0
    html-to-text: ^9.0.5
    ibm-cloud-sdk-core: "*"
    ignore: ^5.2.0
    interface-datastore: ^8.2.11
    ioredis: ^5.3.2
    it-all: ^3.0.4
    jsdom: "*"
    jsonwebtoken: ^9.0.2
    llmonitor: ^0.5.9
    lodash: ^4.17.21
    lunary: ^0.7.10
    mammoth: ^1.6.0
    mongodb: ">=5.2.0"
    mysql2: ^3.9.8
    neo4j-driver: "*"
    notion-to-md: ^3.1.0
    officeparser: ^4.0.4
    openai: "*"
    pdf-parse: 1.1.1
    pg: ^8.11.0
    pg-copy-streams: ^6.0.5
    pickleparser: ^0.2.1
    playwright: ^1.32.1
    portkey-ai: ^0.1.11
    puppeteer: "*"
    pyodide: ">=0.24.1 <0.27.0"
    redis: "*"
    replicate: ^0.29.4
    sonix-speech-recognition: ^2.1.1
    srt-parser-2: ^1.2.3
    typeorm: ^0.3.20
    typesense: ^1.5.3
    usearch: ^1.1.1
    voy-search: 0.6.2
    weaviate-ts-client: "*"
    web-auth-library: ^1.0.3
    ws: ^8.14.2
    youtube-transcript: ^1.0.6
    youtubei.js: ^9.1.0
  peerDependenciesMeta:
    "@arcjet/redact":
      optional: true
    "@aws-crypto/sha256-js":
      optional: true
    "@aws-sdk/client-bedrock-agent-runtime":
      optional: true
    "@aws-sdk/client-bedrock-runtime":
      optional: true
    "@aws-sdk/client-dynamodb":
      optional: true
    "@aws-sdk/client-kendra":
      optional: true
    "@aws-sdk/client-lambda":
      optional: true
    "@aws-sdk/client-s3":
      optional: true
    "@aws-sdk/client-sagemaker-runtime":
      optional: true
    "@aws-sdk/client-sfn":
      optional: true
    "@aws-sdk/credential-provider-node":
      optional: true
    "@azure/search-documents":
      optional: true
    "@azure/storage-blob":
      optional: true
    "@browserbasehq/sdk":
      optional: true
    "@clickhouse/client":
      optional: true
    "@cloudflare/ai":
      optional: true
    "@datastax/astra-db-ts":
      optional: true
    "@elastic/elasticsearch":
      optional: true
    "@getmetal/metal-sdk":
      optional: true
    "@getzep/zep-cloud":
      optional: true
    "@getzep/zep-js":
      optional: true
    "@gomomento/sdk":
      optional: true
    "@gomomento/sdk-core":
      optional: true
    "@google-ai/generativelanguage":
      optional: true
    "@google-cloud/storage":
      optional: true
    "@gradientai/nodejs-sdk":
      optional: true
    "@huggingface/inference":
      optional: true
    "@lancedb/lancedb":
      optional: true
    "@layerup/layerup-security":
      optional: true
    "@libsql/client":
      optional: true
    "@mendable/firecrawl-js":
      optional: true
    "@mlc-ai/web-llm":
      optional: true
    "@mozilla/readability":
      optional: true
    "@neondatabase/serverless":
      optional: true
    "@notionhq/client":
      optional: true
    "@opensearch-project/opensearch":
      optional: true
    "@pinecone-database/pinecone":
      optional: true
    "@planetscale/database":
      optional: true
    "@premai/prem-sdk":
      optional: true
    "@qdrant/js-client-rest":
      optional: true
    "@raycast/api":
      optional: true
    "@rockset/client":
      optional: true
    "@smithy/eventstream-codec":
      optional: true
    "@smithy/protocol-http":
      optional: true
    "@smithy/signature-v4":
      optional: true
    "@smithy/util-utf8":
      optional: true
    "@spider-cloud/spider-client":
      optional: true
    "@supabase/supabase-js":
      optional: true
    "@tensorflow-models/universal-sentence-encoder":
      optional: true
    "@tensorflow/tfjs-converter":
      optional: true
    "@tensorflow/tfjs-core":
      optional: true
    "@upstash/ratelimit":
      optional: true
    "@upstash/redis":
      optional: true
    "@upstash/vector":
      optional: true
    "@vercel/kv":
      optional: true
    "@vercel/postgres":
      optional: true
    "@writerai/writer-sdk":
      optional: true
    "@xata.io/client":
      optional: true
    "@xenova/transformers":
      optional: true
    "@zilliz/milvus2-sdk-node":
      optional: true
    apify-client:
      optional: true
    assemblyai:
      optional: true
    better-sqlite3:
      optional: true
    cassandra-driver:
      optional: true
    cborg:
      optional: true
    cheerio:
      optional: true
    chromadb:
      optional: true
    closevector-common:
      optional: true
    closevector-node:
      optional: true
    closevector-web:
      optional: true
    cohere-ai:
      optional: true
    convex:
      optional: true
    crypto-js:
      optional: true
    d3-dsv:
      optional: true
    discord.js:
      optional: true
    dria:
      optional: true
    duck-duck-scrape:
      optional: true
    epub2:
      optional: true
    faiss-node:
      optional: true
    firebase-admin:
      optional: true
    google-auth-library:
      optional: true
    googleapis:
      optional: true
    hnswlib-node:
      optional: true
    html-to-text:
      optional: true
    ignore:
      optional: true
    interface-datastore:
      optional: true
    ioredis:
      optional: true
    it-all:
      optional: true
    jsdom:
      optional: true
    jsonwebtoken:
      optional: true
    llmonitor:
      optional: true
    lodash:
      optional: true
    lunary:
      optional: true
    mammoth:
      optional: true
    mongodb:
      optional: true
    mysql2:
      optional: true
    neo4j-driver:
      optional: true
    notion-to-md:
      optional: true
    officeparser:
      optional: true
    pdf-parse:
      optional: true
    pg:
      optional: true
    pg-copy-streams:
      optional: true
    pickleparser:
      optional: true
    playwright:
      optional: true
    portkey-ai:
      optional: true
    puppeteer:
      optional: true
    pyodide:
      optional: true
    redis:
      optional: true
    replicate:
      optional: true
    sonix-speech-recognition:
      optional: true
    srt-parser-2:
      optional: true
    typeorm:
      optional: true
    typesense:
      optional: true
    usearch:
      optional: true
    voy-search:
      optional: true
    weaviate-ts-client:
      optional: true
    web-auth-library:
      optional: true
    ws:
      optional: true
    youtube-transcript:
      optional: true
    youtubei.js:
      optional: true
  checksum: 69fedc52cfa6294ee115ad93f0989b7ab23e510775ef88d4eedfe7d8719f477b4f37d94f37071417b6c684d081dee6b6d075c1766bab55a1a5ac90ac6f6b254d
  languageName: node
  linkType: hard

"@langchain/core@npm:^0.3.22":
  version: 0.3.22
  resolution: "@langchain/core@npm:0.3.22"
  dependencies:
    ansi-styles: ^5.0.0
    camelcase: 6
    decamelize: 1.2.0
    js-tiktoken: ^1.0.12
    langsmith: ^0.2.8
    mustache: ^4.2.0
    p-queue: ^6.6.2
    p-retry: 4
    uuid: ^10.0.0
    zod: ^3.22.4
    zod-to-json-schema: ^3.22.3
  checksum: e629a7b5b794e378ce29366b7aa6989fd16e2e97ea18a2f4dcc26cb52e71f8b572ec7397922d10626602a72b9530ac02624b5a15fe962161810d1a7cf7db62b9
  languageName: node
  linkType: hard

"@langchain/groq@npm:^0.1.2":
  version: 0.1.2
  resolution: "@langchain/groq@npm:0.1.2"
  dependencies:
    "@langchain/openai": ~0.3.0
    groq-sdk: ^0.5.0
    zod: ^3.22.4
    zod-to-json-schema: ^3.22.5
  peerDependencies:
    "@langchain/core": ">=0.2.21 <0.4.0"
  checksum: 79da224a6428f1350d5e0bc91b5a3cde5ed03c1aaa3524f2216b60954a9790ed0a0299faff562d4517219dc173bbf235bfd1bb53160a72ce8852d4718af8cf84
  languageName: node
  linkType: hard

"@langchain/openai@npm:>=0.1.0 <0.4.0, @langchain/openai@npm:>=0.2.0 <0.4.0, @langchain/openai@npm:^0.3.14, @langchain/openai@npm:~0.3.0":
  version: 0.3.14
  resolution: "@langchain/openai@npm:0.3.14"
  dependencies:
    js-tiktoken: ^1.0.12
    openai: ^4.71.0
    zod: ^3.22.4
    zod-to-json-schema: ^3.22.3
  peerDependencies:
    "@langchain/core": ">=0.2.26 <0.4.0"
  checksum: f06de47da4a5f2888a847e2843353ca0775aae961dd9aa16d625da1e3c026986507cb9c87f09c2cf376a36a840ab0c46bd2c521f8d17cac02bdd4f95dcfb0b5e
  languageName: node
  linkType: hard

"@langchain/textsplitters@npm:>=0.0.0 <0.2.0":
  version: 0.1.0
  resolution: "@langchain/textsplitters@npm:0.1.0"
  dependencies:
    js-tiktoken: ^1.0.12
  peerDependencies:
    "@langchain/core": ">=0.2.21 <0.4.0"
  checksum: f179113423b003968127abc0b41c23e9ba21bed9336745841bf54b95e283fc3cbfcd67e40d1b58922b89b35953caeb38d8d5d7a3a49c1c5b202f1542bf76dc3a
  languageName: node
  linkType: hard

"@types/node-fetch@npm:^2.6.4":
  version: 2.6.12
  resolution: "@types/node-fetch@npm:2.6.12"
  dependencies:
    "@types/node": "*"
    form-data: ^4.0.0
  checksum: 9647e68f9a125a090220c38d77b3c8e669c488658ae7506f1b4f9568214beba087624b1705bba1dc76649a65281ce3fd5b400e15266cbef8088027fb88777557
  languageName: node
  linkType: hard

"@types/node@npm:*":
  version: 22.10.1
  resolution: "@types/node@npm:22.10.1"
  dependencies:
    undici-types: ~6.20.0
  checksum: 5a9b81500f288a8fb757b61bd939f99f72b6cb59347a5bae52dd1c2c87100ebbaa9da4256ef3cb9add2090e8704cda1d9a1ffc14ccd5db47a6466c8bae10ebcb
  languageName: node
  linkType: hard

"@types/node@npm:^18.11.18":
  version: 18.19.67
  resolution: "@types/node@npm:18.19.67"
  dependencies:
    undici-types: ~5.26.4
  checksum: 700f92c6a0b63352ce6327286392adab30bb17623c2a788811e9cf092c4dc2fb5e36ca4727247a981b3f44185fdceef20950a3b7a8ab72721e514ac037022a08
  languageName: node
  linkType: hard

"@types/retry@npm:0.12.0":
  version: 0.12.0
  resolution: "@types/retry@npm:0.12.0"
  checksum: 61a072c7639f6e8126588bf1eb1ce8835f2cb9c2aba795c4491cf6310e013267b0c8488039857c261c387e9728c1b43205099223f160bb6a76b4374f741b5603
  languageName: node
  linkType: hard

"@types/uuid@npm:^10.0.0":
  version: 10.0.0
  resolution: "@types/uuid@npm:10.0.0"
  checksum: e3958f8b0fe551c86c14431f5940c3470127293280830684154b91dc7eb3514aeb79fe3216968833cf79d4d1c67f580f054b5be2cd562bebf4f728913e73e944
  languageName: node
  linkType: hard

"abort-controller@npm:^3.0.0":
  version: 3.0.0
  resolution: "abort-controller@npm:3.0.0"
  dependencies:
    event-target-shim: ^5.0.0
  checksum: 170bdba9b47b7e65906a28c8ce4f38a7a369d78e2271706f020849c1bfe0ee2067d4261df8bbb66eb84f79208fd5b710df759d64191db58cfba7ce8ef9c54b75
  languageName: node
  linkType: hard

"acorn@npm:^8.8.0":
  version: 8.14.0
  resolution: "acorn@npm:8.14.0"
  bin:
    acorn: bin/acorn
  checksum: 8755074ba55fff94e84e81c72f1013c2d9c78e973c31231c8ae505a5f966859baf654bddd75046bffd73ce816b149298977fff5077a3033dedba0ae2aad152d4
  languageName: node
  linkType: hard

"advanced-calculator@npm:^1.1.1":
  version: 1.1.1
  resolution: "advanced-calculator@npm:1.1.1"
  checksum: afa30218ad2762a7a5a7671533e68a4692f8ecf1da576741b961a195d667c3f0aa81d5df7fac734c74db6a87f987b136f9d087ae600b89f3d617c6cacc7a7282
  languageName: node
  linkType: hard

"agentkeepalive@npm:^4.2.1":
  version: 4.5.0
  resolution: "agentkeepalive@npm:4.5.0"
  dependencies:
    humanize-ms: ^1.2.1
  checksum: 13278cd5b125e51eddd5079f04d6fe0914ac1b8b91c1f3db2c1822f99ac1a7457869068997784342fe455d59daaff22e14fb7b8c3da4e741896e7e31faf92481
  languageName: node
  linkType: hard

"ansi-styles@npm:^5.0.0":
  version: 5.2.0
  resolution: "ansi-styles@npm:5.2.0"
  checksum: d7f4e97ce0623aea6bc0d90dcd28881ee04cba06c570b97fd3391bd7a268eedfd9d5e2dd4fdcbdd82b8105df5faf6f24aaedc08eaf3da898e702db5948f63469
  languageName: node
  linkType: hard

"argparse@npm:^2.0.1":
  version: 2.0.1
  resolution: "argparse@npm:2.0.1"
  checksum: 83644b56493e89a254bae05702abf3a1101b4fa4d0ca31df1c9985275a5a5bd47b3c27b7fa0b71098d41114d8ca000e6ed90cad764b306f8a503665e4d517ced
  languageName: node
  linkType: hard

"asynckit@npm:^0.4.0":
  version: 0.4.0
  resolution: "asynckit@npm:0.4.0"
  checksum: 7b78c451df768adba04e2d02e63e2d0bf3b07adcd6e42b4cf665cb7ce899bedd344c69a1dcbce355b5f972d597b25aaa1c1742b52cffd9caccb22f348114f6be
  languageName: node
  linkType: hard

"base64-js@npm:^1.5.1":
  version: 1.5.1
  resolution: "base64-js@npm:1.5.1"
  checksum: 669632eb3745404c2f822a18fc3a0122d2f9a7a13f7fb8b5823ee19d1d2ff9ee5b52c53367176ea4ad093c332fd5ab4bd0ebae5a8e27917a4105a4cfc86b1005
  languageName: node
  linkType: hard

"binary-extensions@npm:^2.2.0":
  version: 2.3.0
  resolution: "binary-extensions@npm:2.3.0"
  checksum: bcad01494e8a9283abf18c1b967af65ee79b0c6a9e6fcfafebfe91dbe6e0fc7272bafb73389e198b310516ae04f7ad17d79aacf6cb4c0d5d5202a7e2e52c7d98
  languageName: node
  linkType: hard

"camelcase@npm:6":
  version: 6.3.0
  resolution: "camelcase@npm:6.3.0"
  checksum: 8c96818a9076434998511251dcb2761a94817ea17dbdc37f47ac080bd088fc62c7369429a19e2178b993497132c8cbcf5cc1f44ba963e76782ba469c0474938d
  languageName: node
  linkType: hard

"combined-stream@npm:^1.0.8":
  version: 1.0.8
  resolution: "combined-stream@npm:1.0.8"
  dependencies:
    delayed-stream: ~1.0.0
  checksum: 49fa4aeb4916567e33ea81d088f6584749fc90c7abec76fd516bf1c5aa5c79f3584b5ba3de6b86d26ddd64bae5329c4c7479343250cfe71c75bb366eae53bb7c
  languageName: node
  linkType: hard

"commander@npm:^10.0.1":
  version: 10.0.1
  resolution: "commander@npm:10.0.1"
  checksum: 436901d64a818295803c1996cd856621a74f30b9f9e28a588e726b2b1670665bccd7c1a77007ebf328729f0139838a88a19265858a0fa7a8728c4656796db948
  languageName: node
  linkType: hard

"debug@npm:^3.1.0":
  version: 3.2.7
  resolution: "debug@npm:3.2.7"
  dependencies:
    ms: ^2.1.1
  checksum: b3d8c5940799914d30314b7c3304a43305fd0715581a919dacb8b3176d024a782062368405b47491516d2091d6462d4d11f2f4974a405048094f8bfebfa3071c
  languageName: node
  linkType: hard

"decamelize@npm:1.2.0":
  version: 1.2.0
  resolution: "decamelize@npm:1.2.0"
  checksum: ad8c51a7e7e0720c70ec2eeb1163b66da03e7616d7b98c9ef43cce2416395e84c1e9548dd94f5f6ffecfee9f8b94251fc57121a8b021f2ff2469b2bae247b8aa
  languageName: node
  linkType: hard

"delayed-stream@npm:~1.0.0":
  version: 1.0.0
  resolution: "delayed-stream@npm:1.0.0"
  checksum: 46fe6e83e2cb1d85ba50bd52803c68be9bd953282fa7096f51fc29edd5d67ff84ff753c51966061e5ba7cb5e47ef6d36a91924eddb7f3f3483b1c560f77a0020
  languageName: node
  linkType: hard

"dotenv@npm:^16.4.7":
  version: 16.4.7
  resolution: "dotenv@npm:16.4.7"
  checksum: c27419b5875a44addcc56cc69b7dc5b0e6587826ca85d5b355da9303c6fc317fc9989f1f18366a16378c9fdd9532d14117a1abe6029cc719cdbbef6eaef2cea4
  languageName: node
  linkType: hard

"event-target-shim@npm:^5.0.0":
  version: 5.0.1
  resolution: "event-target-shim@npm:5.0.1"
  checksum: 1ffe3bb22a6d51bdeb6bf6f7cf97d2ff4a74b017ad12284cc9e6a279e727dc30a5de6bb613e5596ff4dc3e517841339ad09a7eec44266eccb1aa201a30448166
  languageName: node
  linkType: hard

"eventemitter3@npm:^4.0.4":
  version: 4.0.7
  resolution: "eventemitter3@npm:4.0.7"
  checksum: 1875311c42fcfe9c707b2712c32664a245629b42bb0a5a84439762dd0fd637fc54d078155ea83c2af9e0323c9ac13687e03cfba79b03af9f40c89b4960099374
  languageName: node
  linkType: hard

"expr-eval@npm:^2.0.2":
  version: 2.0.2
  resolution: "expr-eval@npm:2.0.2"
  checksum: 01862f09b50b17b45a6268b1153280afede99e1b51752a323661f7f4010eaed34cd6c682bf439b7f8a92df6aa82f326f0ce0aa20964d175feee97377fe53921d
  languageName: node
  linkType: hard

"flat@npm:^5.0.2":
  version: 5.0.2
  resolution: "flat@npm:5.0.2"
  bin:
    flat: cli.js
  checksum: 12a1536ac746db74881316a181499a78ef953632ddd28050b7a3a43c62ef5462e3357c8c29d76072bb635f147f7a9a1f0c02efef6b4be28f8db62ceb3d5c7f5d
  languageName: node
  linkType: hard

"form-data-encoder@npm:1.7.2":
  version: 1.7.2
  resolution: "form-data-encoder@npm:1.7.2"
  checksum: aeebd87a1cb009e13cbb5e4e4008e6202ed5f6551eb6d9582ba8a062005178907b90f4887899d3c993de879159b6c0c940af8196725b428b4248cec5af3acf5f
  languageName: node
  linkType: hard

"form-data@npm:^4.0.0":
  version: 4.0.1
  resolution: "form-data@npm:4.0.1"
  dependencies:
    asynckit: ^0.4.0
    combined-stream: ^1.0.8
    mime-types: ^2.1.12
  checksum: ccee458cd5baf234d6b57f349fe9cc5f9a2ea8fd1af5ecda501a18fd1572a6dd3bf08a49f00568afd995b6a65af34cb8dec083cf9d582c4e621836499498dd84
  languageName: node
  linkType: hard

"formdata-node@npm:^4.3.2":
  version: 4.4.1
  resolution: "formdata-node@npm:4.4.1"
  dependencies:
    node-domexception: 1.0.0
    web-streams-polyfill: 4.0.0-beta.3
  checksum: d91d4f667cfed74827fc281594102c0dabddd03c9f8b426fc97123eedbf73f5060ee43205d89284d6854e2fc5827e030cd352ef68b93beda8decc2d72128c576
  languageName: node
  linkType: hard

"groq-sdk@npm:^0.5.0":
  version: 0.5.0
  resolution: "groq-sdk@npm:0.5.0"
  dependencies:
    "@types/node": ^18.11.18
    "@types/node-fetch": ^2.6.4
    abort-controller: ^3.0.0
    agentkeepalive: ^4.2.1
    form-data-encoder: 1.7.2
    formdata-node: ^4.3.2
    node-fetch: ^2.6.7
    web-streams-polyfill: ^3.2.1
  checksum: 051ca56e99e4a2440080943c831b109687dd346b24155d3f085113df1ad0639cb95724c14a05611f7314d340db8bf342af425eb11905c97bc6a6948cd7262f04
  languageName: node
  linkType: hard

"humanize-ms@npm:^1.2.1":
  version: 1.2.1
  resolution: "humanize-ms@npm:1.2.1"
  dependencies:
    ms: ^2.0.0
  checksum: 9c7a74a2827f9294c009266c82031030eae811ca87b0da3dceb8d6071b9bde22c9f3daef0469c3c533cc67a97d8a167cd9fc0389350e5f415f61a79b171ded16
  languageName: node
  linkType: hard

"ignore@npm:^5.3.2":
  version: 5.3.2
  resolution: "ignore@npm:5.3.2"
  checksum: 2acfd32a573260ea522ea0bfeff880af426d68f6831f973129e2ba7363f422923cf53aab62f8369cbf4667c7b25b6f8a3761b34ecdb284ea18e87a5262a865be
  languageName: node
  linkType: hard

"jintr@npm:^1.1.0":
  version: 1.2.0
  resolution: "jintr@npm:1.2.0"
  dependencies:
    acorn: ^8.8.0
  checksum: d5681496d55511d4ba6fdc64494fc5b7ab8401d4321ce494cc21ee0e5fe7d1a6b99b2233fc19774dcf027edbe23f7a2b0e7fc6c272dc756b2e4eb652b2b59340
  languageName: node
  linkType: hard

"js-tiktoken@npm:^1.0.12":
  version: 1.0.15
  resolution: "js-tiktoken@npm:1.0.15"
  dependencies:
    base64-js: ^1.5.1
  checksum: fb37641fcbec0386276e99459a4c94c9e790b3fe59143191e06e20a8069695999afe7da00fddeb591a731a68afcf068803a75d77825b2d697541bb165e4795eb
  languageName: node
  linkType: hard

"js-yaml@npm:^4.1.0":
  version: 4.1.0
  resolution: "js-yaml@npm:4.1.0"
  dependencies:
    argparse: ^2.0.1
  bin:
    js-yaml: bin/js-yaml.js
  checksum: c7830dfd456c3ef2c6e355cc5a92e6700ceafa1d14bba54497b34a99f0376cecbb3e9ac14d3e5849b426d5a5140709a66237a8c991c675431271c4ce5504151a
  languageName: node
  linkType: hard

"jsonpointer@npm:^5.0.1":
  version: 5.0.1
  resolution: "jsonpointer@npm:5.0.1"
  checksum: 0b40f712900ad0c846681ea2db23b6684b9d5eedf55807b4708c656f5894b63507d0e28ae10aa1bddbea551241035afe62b6df0800fc94c2e2806a7f3adecd7c
  languageName: node
  linkType: hard

"langchain@npm:>=0.2.3 <0.3.0 || >=0.3.4 <0.4.0, langchain@npm:^0.3.6":
  version: 0.3.6
  resolution: "langchain@npm:0.3.6"
  dependencies:
    "@langchain/openai": ">=0.1.0 <0.4.0"
    "@langchain/textsplitters": ">=0.0.0 <0.2.0"
    js-tiktoken: ^1.0.12
    js-yaml: ^4.1.0
    jsonpointer: ^5.0.1
    langsmith: ^0.2.0
    openapi-types: ^12.1.3
    p-retry: 4
    uuid: ^10.0.0
    yaml: ^2.2.1
    zod: ^3.22.4
    zod-to-json-schema: ^3.22.3
  peerDependencies:
    "@langchain/anthropic": "*"
    "@langchain/aws": "*"
    "@langchain/cohere": "*"
    "@langchain/core": ">=0.2.21 <0.4.0"
    "@langchain/google-genai": "*"
    "@langchain/google-vertexai": "*"
    "@langchain/groq": "*"
    "@langchain/mistralai": "*"
    "@langchain/ollama": "*"
    axios: "*"
    cheerio: "*"
    handlebars: ^4.7.8
    peggy: ^3.0.2
    typeorm: "*"
  peerDependenciesMeta:
    "@langchain/anthropic":
      optional: true
    "@langchain/aws":
      optional: true
    "@langchain/cohere":
      optional: true
    "@langchain/google-genai":
      optional: true
    "@langchain/google-vertexai":
      optional: true
    "@langchain/groq":
      optional: true
    "@langchain/mistralai":
      optional: true
    "@langchain/ollama":
      optional: true
    axios:
      optional: true
    cheerio:
      optional: true
    handlebars:
      optional: true
    peggy:
      optional: true
    typeorm:
      optional: true
  checksum: 52ef8a190147789a33c32cbc289fc513e59ca9ba876dfd96fc61c4cca1d9ed2b2959722b92c0110cc0a407d76703e4d75346202d9a764817189c040a7d9b2ab7
  languageName: node
  linkType: hard

"langsmith@npm:^0.2.0, langsmith@npm:^0.2.8":
  version: 0.2.11
  resolution: "langsmith@npm:0.2.11"
  dependencies:
    "@types/uuid": ^10.0.0
    commander: ^10.0.1
    p-queue: ^6.6.2
    p-retry: 4
    semver: ^7.6.3
    uuid: ^10.0.0
  peerDependencies:
    openai: "*"
  peerDependenciesMeta:
    openai:
      optional: true
  checksum: 2fc37a24b99eeae5c2b7c1103c2f610d729c94cf26b7062711ccd47cd34d15887d6facbe092996e578ffa955bbd374b7dece645983c31f954639a0bf73577534
  languageName: node
  linkType: hard

"mime-db@npm:1.52.0":
  version: 1.52.0
  resolution: "mime-db@npm:1.52.0"
  checksum: 0d99a03585f8b39d68182803b12ac601d9c01abfa28ec56204fa330bc9f3d1c5e14beb049bafadb3dbdf646dfb94b87e24d4ec7b31b7279ef906a8ea9b6a513f
  languageName: node
  linkType: hard

"mime-types@npm:^2.1.12":
  version: 2.1.35
  resolution: "mime-types@npm:2.1.35"
  dependencies:
    mime-db: 1.52.0
  checksum: 89a5b7f1def9f3af5dad6496c5ed50191ae4331cc5389d7c521c8ad28d5fdad2d06fd81baf38fed813dc4e46bb55c8145bb0ff406330818c9cf712fb2e9b3836
  languageName: node
  linkType: hard

"ms@npm:^2.0.0, ms@npm:^2.1.1":
  version: 2.1.3
  resolution: "ms@npm:2.1.3"
  checksum: aa92de608021b242401676e35cfa5aa42dd70cbdc082b916da7fb925c542173e36bce97ea3e804923fe92c0ad991434e4a38327e15a1b5b5f945d66df615ae6d
  languageName: node
  linkType: hard

"mustache@npm:^4.2.0":
  version: 4.2.0
  resolution: "mustache@npm:4.2.0"
  bin:
    mustache: bin/mustache
  checksum: 928fcb63e3aa44a562bfe9b59ba202cccbe40a46da50be6f0dd831b495be1dd7e38ca4657f0ecab2c1a89dc7bccba0885eab7ee7c1b215830da765758c7e0506
  languageName: node
  linkType: hard

"node-domexception@npm:1.0.0":
  version: 1.0.0
  resolution: "node-domexception@npm:1.0.0"
  checksum: ee1d37dd2a4eb26a8a92cd6b64dfc29caec72bff5e1ed9aba80c294f57a31ba4895a60fd48347cf17dd6e766da0ae87d75657dfd1f384ebfa60462c2283f5c7f
  languageName: node
  linkType: hard

"node-ensure@npm:^0.0.0":
  version: 0.0.0
  resolution: "node-ensure@npm:0.0.0"
  checksum: 1124623beb1dec66889794286ec1761ac3bfac42ce93b8652903efa5af14227edce5bafa06c4e0675cdc850360931d7c9413e3b5406150f05b2c9bf5bb3ccce4
  languageName: node
  linkType: hard

"node-fetch@npm:^2.6.7":
  version: 2.7.0
  resolution: "node-fetch@npm:2.7.0"
  dependencies:
    whatwg-url: ^5.0.0
  peerDependencies:
    encoding: ^0.1.0
  peerDependenciesMeta:
    encoding:
      optional: true
  checksum: d76d2f5edb451a3f05b15115ec89fc6be39de37c6089f1b6368df03b91e1633fd379a7e01b7ab05089a25034b2023d959b47e59759cb38d88341b2459e89d6e5
  languageName: node
  linkType: hard

"openai-node-app@workspace:.":
  version: 0.0.0-use.local
  resolution: "openai-node-app@workspace:."
  dependencies:
    "@langchain/community": ^0.3.17
    "@langchain/core": ^0.3.22
    "@langchain/groq": ^0.1.2
    "@langchain/openai": ^0.3.14
    advanced-calculator: ^1.1.1
    dotenv: ^16.4.7
    ignore: ^5.3.2
    langchain: ^0.3.6
    openai: ^4.75.0
    pdf-parse: ^1.1.1
    youtube-transcript: ^1.2.1
    youtubei.js: ^9.4.0
  languageName: unknown
  linkType: soft

"openai@npm:^4.71.0, openai@npm:^4.75.0":
  version: 4.76.0
  resolution: "openai@npm:4.76.0"
  dependencies:
    "@types/node": ^18.11.18
    "@types/node-fetch": ^2.6.4
    abort-controller: ^3.0.0
    agentkeepalive: ^4.2.1
    form-data-encoder: 1.7.2
    formdata-node: ^4.3.2
    node-fetch: ^2.6.7
  peerDependencies:
    zod: ^3.23.8
  peerDependenciesMeta:
    zod:
      optional: true
  bin:
    openai: bin/cli
  checksum: a8fdd90a64d0312ee6bcab9f2087aecaa68f1ad87912a59ddd73dfcb230366ecac1859742b65a7324afef201f4d10cbfc7f403e9ca818fe4ba525f43159bf06a
  languageName: node
  linkType: hard

"openapi-types@npm:^12.1.3":
  version: 12.1.3
  resolution: "openapi-types@npm:12.1.3"
  checksum: 7fa5547f87a58d2aa0eba6e91d396f42d7d31bc3ae140e61b5d60b47d2fd068b48776f42407d5a8da7280cf31195aa128c2fc285e8bb871d1105edee5647a0bb
  languageName: node
  linkType: hard

"p-finally@npm:^1.0.0":
  version: 1.0.0
  resolution: "p-finally@npm:1.0.0"
  checksum: 93a654c53dc805dd5b5891bab16eb0ea46db8f66c4bfd99336ae929323b1af2b70a8b0654f8f1eae924b2b73d037031366d645f1fd18b3d30cbd15950cc4b1d4
  languageName: node
  linkType: hard

"p-queue@npm:^6.6.2":
  version: 6.6.2
  resolution: "p-queue@npm:6.6.2"
  dependencies:
    eventemitter3: ^4.0.4
    p-timeout: ^3.2.0
  checksum: 832642fcc4ab6477b43e6d7c30209ab10952969ed211c6d6f2931be8a4f9935e3578c72e8cce053dc34f2eb6941a408a2c516a54904e989851a1a209cf19761c
  languageName: node
  linkType: hard

"p-retry@npm:4":
  version: 4.6.2
  resolution: "p-retry@npm:4.6.2"
  dependencies:
    "@types/retry": 0.12.0
    retry: ^0.13.1
  checksum: 45c270bfddaffb4a895cea16cb760dcc72bdecb6cb45fef1971fa6ea2e91ddeafddefe01e444ac73e33b1b3d5d29fb0dd18a7effb294262437221ddc03ce0f2e
  languageName: node
  linkType: hard

"p-timeout@npm:^3.2.0":
  version: 3.2.0
  resolution: "p-timeout@npm:3.2.0"
  dependencies:
    p-finally: ^1.0.0
  checksum: 3dd0eaa048780a6f23e5855df3dd45c7beacff1f820476c1d0d1bcd6648e3298752ba2c877aa1c92f6453c7dd23faaf13d9f5149fc14c0598a142e2c5e8d649c
  languageName: node
  linkType: hard

"pdf-parse@npm:^1.1.1":
  version: 1.1.1
  resolution: "pdf-parse@npm:1.1.1"
  dependencies:
    debug: ^3.1.0
    node-ensure: ^0.0.0
  checksum: 5d63a8be1b3b8915618b1b76350409513fdd7fe03c77056b2dd7a1c2da28a11e297645e33bb4e953e2c1cd0ae66980f30fd0bed2979877f894347962d9647241
  languageName: node
  linkType: hard

"retry@npm:^0.13.1":
  version: 0.13.1
  resolution: "retry@npm:0.13.1"
  checksum: 47c4d5be674f7c13eee4cfe927345023972197dbbdfba5d3af7e461d13b44de1bfd663bfc80d2f601f8ef3fc8164c16dd99655a221921954a65d044a2fc1233b
  languageName: node
  linkType: hard

"semver@npm:^7.6.3":
  version: 7.6.3
  resolution: "semver@npm:7.6.3"
  bin:
    semver: bin/semver.js
  checksum: 4110ec5d015c9438f322257b1c51fe30276e5f766a3f64c09edd1d7ea7118ecbc3f379f3b69032bacf13116dc7abc4ad8ce0d7e2bd642e26b0d271b56b61a7d8
  languageName: node
  linkType: hard

"tr46@npm:~0.0.3":
  version: 0.0.3
  resolution: "tr46@npm:0.0.3"
  checksum: 726321c5eaf41b5002e17ffbd1fb7245999a073e8979085dacd47c4b4e8068ff5777142fc6726d6ca1fd2ff16921b48788b87225cbc57c72636f6efa8efbffe3
  languageName: node
  linkType: hard

"tslib@npm:^2.5.0":
  version: 2.8.1
  resolution: "tslib@npm:2.8.1"
  checksum: e4aba30e632b8c8902b47587fd13345e2827fa639e7c3121074d5ee0880723282411a8838f830b55100cbe4517672f84a2472667d355b81e8af165a55dc6203a
  languageName: node
  linkType: hard

"undici-types@npm:~5.26.4":
  version: 5.26.5
  resolution: "undici-types@npm:5.26.5"
  checksum: 3192ef6f3fd5df652f2dc1cd782b49d6ff14dc98e5dced492aa8a8c65425227da5da6aafe22523c67f035a272c599bb89cfe803c1db6311e44bed3042fc25487
  languageName: node
  linkType: hard

"undici-types@npm:~6.20.0":
  version: 6.20.0
  resolution: "undici-types@npm:6.20.0"
  checksum: b7bc50f012dc6afbcce56c9fd62d7e86b20a62ff21f12b7b5cbf1973b9578d90f22a9c7fe50e638e96905d33893bf2f9f16d98929c4673c2480de05c6c96ea8b
  languageName: node
  linkType: hard

"undici@npm:^5.19.1":
  version: 5.28.4
  resolution: "undici@npm:5.28.4"
  dependencies:
    "@fastify/busboy": ^2.0.0
  checksum: a8193132d84540e4dc1895ecc8dbaa176e8a49d26084d6fbe48a292e28397cd19ec5d13bc13e604484e76f94f6e334b2bdc740d5f06a6e50c44072818d0c19f9
  languageName: node
  linkType: hard

"uuid@npm:^10.0.0":
  version: 10.0.0
  resolution: "uuid@npm:10.0.0"
  bin:
    uuid: dist/bin/uuid
  checksum: 4b81611ade2885d2313ddd8dc865d93d8dccc13ddf901745edca8f86d99bc46d7a330d678e7532e7ebf93ce616679fb19b2e3568873ac0c14c999032acb25869
  languageName: node
  linkType: hard

"web-streams-polyfill@npm:4.0.0-beta.3":
  version: 4.0.0-beta.3
  resolution: "web-streams-polyfill@npm:4.0.0-beta.3"
  checksum: dfec1fbf52b9140e4183a941e380487b6c3d5d3838dd1259be81506c1c9f2abfcf5aeb670aeeecfd9dff4271a6d8fef931b193c7bedfb42542a3b05ff36c0d16
  languageName: node
  linkType: hard

"web-streams-polyfill@npm:^3.2.1":
  version: 3.3.3
  resolution: "web-streams-polyfill@npm:3.3.3"
  checksum: 21ab5ea08a730a2ef8023736afe16713b4f2023ec1c7085c16c8e293ee17ed085dff63a0ad8722da30c99c4ccbd4ccd1b2e79c861829f7ef2963d7de7004c2cb
  languageName: node
  linkType: hard

"webidl-conversions@npm:^3.0.0":
  version: 3.0.1
  resolution: "webidl-conversions@npm:3.0.1"
  checksum: c92a0a6ab95314bde9c32e1d0a6dfac83b578f8fa5f21e675bc2706ed6981bc26b7eb7e6a1fab158e5ce4adf9caa4a0aee49a52505d4d13c7be545f15021b17c
  languageName: node
  linkType: hard

"whatwg-url@npm:^5.0.0":
  version: 5.0.0
  resolution: "whatwg-url@npm:5.0.0"
  dependencies:
    tr46: ~0.0.3
    webidl-conversions: ^3.0.0
  checksum: b8daed4ad3356cc4899048a15b2c143a9aed0dfae1f611ebd55073310c7b910f522ad75d727346ad64203d7e6c79ef25eafd465f4d12775ca44b90fa82ed9e2c
  languageName: node
  linkType: hard

"yaml@npm:^2.2.1":
  version: 2.6.1
  resolution: "yaml@npm:2.6.1"
  bin:
    yaml: bin.mjs
  checksum: 5cf2627f121dcf04ccdebce8e6cbac7c9983d465c4eab314f6fbdc13cda8a07f4e8f9c2252a382b30bcabe05ee3c683647293afd52eb37cbcefbdc7b6ebde9ee
  languageName: node
  linkType: hard

"youtube-transcript@npm:^1.2.1":
  version: 1.2.1
  resolution: "youtube-transcript@npm:1.2.1"
  checksum: 42efe4b6d275b5b3f7743cb2ccd9d3ef0104d94f8e635789147a0abba0b2aece571655687dcfef9b256803bee712c87c336717fe57d17c5bd988c8ce1573118d
  languageName: node
  linkType: hard

"youtubei.js@npm:^9.4.0":
  version: 9.4.0
  resolution: "youtubei.js@npm:9.4.0"
  dependencies:
    jintr: ^1.1.0
    tslib: ^2.5.0
    undici: ^5.19.1
  checksum: 9353a87585f97deca272d1b704d7b1329b54ae45ba6c31a3c2312054e95db21be83fc536e5055cdca24bdf03e3b30b65d376553460dcb644abdf706de76967d6
  languageName: node
  linkType: hard

"zod-to-json-schema@npm:^3.22.3, zod-to-json-schema@npm:^3.22.5":
  version: 3.23.5
  resolution: "zod-to-json-schema@npm:3.23.5"
  peerDependencies:
    zod: ^3.23.3
  checksum: 3ac37128d1b989b027e55684201e1da90237f0955dc9bb40da013bc60f2ed23c57026df2fdc14da187be4d53873daad08210807c28c0dde4375c9df0e5fe7901
  languageName: node
  linkType: hard

"zod@npm:^3.22.3, zod@npm:^3.22.4":
  version: 3.23.8
  resolution: "zod@npm:3.23.8"
  checksum: 15949ff82118f59c893dacd9d3c766d02b6fa2e71cf474d5aa888570c469dbf5446ac5ad562bb035bf7ac9650da94f290655c194f4a6de3e766f43febd432c5c
  languageName: node
  linkType: hard
